Microsoft Visual Studio Solution File, Format Version 11.00
# Visual Studio 2010
Project("{2150E333-8FDC-42A3-9474-1A3956D46DE8}") = "Solution Items", "Solution Items", "{3B7AAC65-B4A4-460D-AEAC-AE51F0097949}"
	ProjectSection(SolutionItems) = preProject
		Apalo.XlAddin.tlb = Apalo.XlAddin.tlb
		README.txt = README.txt
	EndProjectSection
EndProject
Project("{2150E333-8FDC-42A3-9474-1A3956D46DE8}") = "Controls", "Controls", "{45585F6F-EB6E-4C13-B1C3-8247DDFCB3DF}"
EndProject
Project("{FAE04EC0-301F-11D3-BF4B-00C04F79EFBC}") = "XlAddin", "XlAddin\XlAddin.csxproj", "{5D21E19E-35FA-49A6-AB1A-5CA57F3ABF68}"
	ProjectSection(ProjectDependencies) = postProject
		{CE2D1D44-4495-493C-8961-0F4D2C689BAB} = {CE2D1D44-4495-493C-8961-0F4D2C689BAB}
		{99391889-55A5-4684-9E5E-4D960900DBBD} = {99391889-55A5-4684-9E5E-4D960900DBBD}
	EndProjectSection
EndProject
Project("{FAE04EC0-301F-11D3-BF4B-00C04F79EFBC}") = "JControls", "Controls\JControls\JControls.csxproj", "{99391889-55A5-4684-9E5E-4D960900DBBD}"
EndProject
Project("{FAE04EC0-301F-11D3-BF4B-00C04F79EFBC}") = "JParser", "Controls\JParser\JParser.csxproj", "{CE2D1D44-4495-493C-8961-0F4D2C689BAB}"
	ProjectSection(ProjectDependencies) = postProject
		{99391889-55A5-4684-9E5E-4D960900DBBD} = {99391889-55A5-4684-9E5E-4D960900DBBD}
	EndProjectSection
EndProject
Project("{8BC9CEB8-8B4A-11D0-8D11-00A0C91BC942}") = "PaloSpreadsheetFuncs", "PaloSpreadsheetFuncs\PaloSpreadsheetFuncs.vcxproj", "{EAE14674-7F66-43BA-BAB2-2255F2632ACA}"
EndProject
Project("{8BC9CEB8-8B4A-11D0-8D11-00A0C91BC942}") = "PaloXLL", "PaloXLL\PaloXLL.vcxproj", "{E099CABE-8499-4912-BBBE-98FF1C2FEAC4}"
EndProject
Project("{8BC9CEB8-8B4A-11D0-8D11-00A0C91BC942}") = "libconnectionpool", "libconnectionpool\libconnectionpool.vcxproj", "{3BAAEB2B-D8A2-449F-9375-F5AD4A942031}"
EndProject
Project("{FAE04EC0-301F-11D3-BF4B-00C04F79EFBC}") = "PaloUtility", "PaloUtility\PaloUtility.csproj", "{68960691-B601-4411-8FB0-74F76282923A}"
EndProject
Project("{FAE04EC0-301F-11D3-BF4B-00C04F79EFBC}") = "PaloDesignerTest", "PaloDesignerTest\PaloDesignerTest.csproj", "{C3F06D0B-7704-483E-89AC-4BF052FE00B6}"
	ProjectSection(ProjectDependencies) = postProject
		{99391889-55A5-4684-9E5E-4D960900DBBD} = {99391889-55A5-4684-9E5E-4D960900DBBD}
		{5D21E19E-35FA-49A6-AB1A-5CA57F3ABF68} = {5D21E19E-35FA-49A6-AB1A-5CA57F3ABF68}
	EndProjectSection
EndProject
Project("{6141683F-8A12-4E36-9623-2EB02B2C2303}") = "ExcelInstall", "ExcelInstall\ExcelInstall.isproj", "{D85458CD-0F4B-4E81-99EC-5B5760F6F446}"
	ProjectSection(ProjectDependencies) = postProject
		{68960691-B601-4411-8FB0-74F76282923A} = {68960691-B601-4411-8FB0-74F76282923A}
	EndProjectSection
EndProject
Project("{FAE04EC0-301F-11D3-BF4B-00C04F79EFBC}") = "CommonInterfaces", "CommonInterfaces\CommonInterfaces.csproj", "{B3ED5396-0BBB-4B95-A582-D214436B2B74}"
EndProject
Project("{FAE04EC0-301F-11D3-BF4B-00C04F79EFBC}") = "XlRibbonBarUI", "XlRibbonBarUI\XlRibbonBarUI.csproj", "{B665AC94-8AAE-499F-A80B-6C17394F634D}"
EndProject
Global
	GlobalSection(SolutionConfigurationPlatforms) = preSolution
		Debug_for_palo_web|Mixed Platforms = Debug_for_palo_web|Mixed Platforms
		Debug_for_palo_web|Win32 = Debug_for_palo_web|Win32
		Debug_for_palo_web|x64 = Debug_for_palo_web|x64
		Debug|Mixed Platforms = Debug|Mixed Platforms
		Debug|Win32 = Debug|Win32
		Debug|x64 = Debug|x64
		Debug12|Mixed Platforms = Debug12|Mixed Platforms
		Debug12|Win32 = Debug12|Win32
		Debug12|x64 = Debug12|x64
		Release|Mixed Platforms = Release|Mixed Platforms
		Release|Win32 = Release|Win32
		Release|x64 = Release|x64
		Release12|Mixed Platforms = Release12|Mixed Platforms
		Release12|Win32 = Release12|Win32
		Release12|x64 = Release12|x64
		SingleImage|Mixed Platforms = SingleImage|Mixed Platforms
		SingleImage|Win32 = SingleImage|Win32
		SingleImage|x64 = SingleImage|x64
	EndGlobalSection
	GlobalSection(ProjectConfigurationPlatforms) = postSolution
		{5D21E19E-35FA-49A6-AB1A-5CA57F3ABF68}.Debug_for_palo_web|Mixed Platforms.ActiveCfg = Debug|x64
		{5D21E19E-35FA-49A6-AB1A-5CA57F3ABF68}.Debug_for_palo_web|Mixed Platforms.Build.0 = Debug|x64
		{5D21E19E-35FA-49A6-AB1A-5CA57F3ABF68}.Debug_for_palo_web|Win32.ActiveCfg = Debug|Any CPU
		{5D21E19E-35FA-49A6-AB1A-5CA57F3ABF68}.Debug_for_palo_web|x64.ActiveCfg = Debug|Any CPU
		{5D21E19E-35FA-49A6-AB1A-5CA57F3ABF68}.Debug|Mixed Platforms.ActiveCfg = Debug|x64
		{5D21E19E-35FA-49A6-AB1A-5CA57F3ABF68}.Debug|Mixed Platforms.Build.0 = Debug|x64
		{5D21E19E-35FA-49A6-AB1A-5CA57F3ABF68}.Debug|Win32.ActiveCfg = Debug|x86
		{5D21E19E-35FA-49A6-AB1A-5CA57F3ABF68}.Debug|Win32.Build.0 = Debug|x86
		{5D21E19E-35FA-49A6-AB1A-5CA57F3ABF68}.Debug|x64.ActiveCfg = Debug|Any CPU
		{5D21E19E-35FA-49A6-AB1A-5CA57F3ABF68}.Debug12|Mixed Platforms.ActiveCfg = Debug|x64
		{5D21E19E-35FA-49A6-AB1A-5CA57F3ABF68}.Debug12|Mixed Platforms.Build.0 = Debug|x64
		{5D21E19E-35FA-49A6-AB1A-5CA57F3ABF68}.Debug12|Win32.ActiveCfg = Debug|x86
		{5D21E19E-35FA-49A6-AB1A-5CA57F3ABF68}.Debug12|Win32.Build.0 = Debug|x86
		{5D21E19E-35FA-49A6-AB1A-5CA57F3ABF68}.Debug12|x64.ActiveCfg = Debug|x64
		{5D21E19E-35FA-49A6-AB1A-5CA57F3ABF68}.Debug12|x64.Build.0 = Debug|x64
		{5D21E19E-35FA-49A6-AB1A-5CA57F3ABF68}.Release|Mixed Platforms.ActiveCfg = Release|x64
		{5D21E19E-35FA-49A6-AB1A-5CA57F3ABF68}.Release|Mixed Platforms.Build.0 = Release|x64
		{5D21E19E-35FA-49A6-AB1A-5CA57F3ABF68}.Release|Win32.ActiveCfg = Release|x86
		{5D21E19E-35FA-49A6-AB1A-5CA57F3ABF68}.Release|Win32.Build.0 = Release|x86
		{5D21E19E-35FA-49A6-AB1A-5CA57F3ABF68}.Release|x64.ActiveCfg = Release|Any CPU
		{5D21E19E-35FA-49A6-AB1A-5CA57F3ABF68}.Release12|Mixed Platforms.ActiveCfg = Release|x64
		{5D21E19E-35FA-49A6-AB1A-5CA57F3ABF68}.Release12|Mixed Platforms.Build.0 = Release|x64
		{5D21E19E-35FA-49A6-AB1A-5CA57F3ABF68}.Release12|Win32.ActiveCfg = Release|x86
		{5D21E19E-35FA-49A6-AB1A-5CA57F3ABF68}.Release12|Win32.Build.0 = Release|x86
		{5D21E19E-35FA-49A6-AB1A-5CA57F3ABF68}.Release12|x64.ActiveCfg = Release|x64
		{5D21E19E-35FA-49A6-AB1A-5CA57F3ABF68}.Release12|x64.Build.0 = Release|x64
		{5D21E19E-35FA-49A6-AB1A-5CA57F3ABF68}.SingleImage|Mixed Platforms.ActiveCfg = Rel12Debug|x64
		{5D21E19E-35FA-49A6-AB1A-5CA57F3ABF68}.SingleImage|Mixed Platforms.Build.0 = Rel12Debug|x64
		{5D21E19E-35FA-49A6-AB1A-5CA57F3ABF68}.SingleImage|Win32.ActiveCfg = Rel12Debug|x86
		{5D21E19E-35FA-49A6-AB1A-5CA57F3ABF68}.SingleImage|x64.ActiveCfg = Rel12Debug|x86
		{99391889-55A5-4684-9E5E-4D960900DBBD}.Debug_for_palo_web|Mixed Platforms.ActiveCfg = Debug|Any CPU
		{99391889-55A5-4684-9E5E-4D960900DBBD}.Debug_for_palo_web|Mixed Platforms.Build.0 = Debug|Any CPU
		{99391889-55A5-4684-9E5E-4D960900DBBD}.Debug_for_palo_web|Win32.ActiveCfg = Debug|Any CPU
		{99391889-55A5-4684-9E5E-4D960900DBBD}.Debug_for_palo_web|x64.ActiveCfg = Debug|Any CPU
		{99391889-55A5-4684-9E5E-4D960900DBBD}.Debug|Mixed Platforms.ActiveCfg = Debug|Any CPU
		{99391889-55A5-4684-9E5E-4D960900DBBD}.Debug|Mixed Platforms.Build.0 = Debug|Any CPU
		{99391889-55A5-4684-9E5E-4D960900DBBD}.Debug|Win32.ActiveCfg = Debug|Any CPU
		{99391889-55A5-4684-9E5E-4D960900DBBD}.Debug|Win32.Build.0 = Debug|Any CPU
		{99391889-55A5-4684-9E5E-4D960900DBBD}.Debug|x64.ActiveCfg = Debug|Any CPU
		{99391889-55A5-4684-9E5E-4D960900DBBD}.Debug12|Mixed Platforms.ActiveCfg = Debug|Any CPU
		{99391889-55A5-4684-9E5E-4D960900DBBD}.Debug12|Mixed Platforms.Build.0 = Debug|Any CPU
		{99391889-55A5-4684-9E5E-4D960900DBBD}.Debug12|Win32.ActiveCfg = Debug|Any CPU
		{99391889-55A5-4684-9E5E-4D960900DBBD}.Debug12|Win32.Build.0 = Debug|Any CPU
		{99391889-55A5-4684-9E5E-4D960900DBBD}.Debug12|x64.ActiveCfg = Debug|Any CPU
		{99391889-55A5-4684-9E5E-4D960900DBBD}.Debug12|x64.Build.0 = Debug|Any CPU
		{99391889-55A5-4684-9E5E-4D960900DBBD}.Release|Mixed Platforms.ActiveCfg = Release|Any CPU
		{99391889-55A5-4684-9E5E-4D960900DBBD}.Release|Mixed Platforms.Build.0 = Release|Any CPU
		{99391889-55A5-4684-9E5E-4D960900DBBD}.Release|Win32.ActiveCfg = Release|Any CPU
		{99391889-55A5-4684-9E5E-4D960900DBBD}.Release|Win32.Build.0 = Release|Any CPU
		{99391889-55A5-4684-9E5E-4D960900DBBD}.Release|x64.ActiveCfg = Release|Any CPU
		{99391889-55A5-4684-9E5E-4D960900DBBD}.Release12|Mixed Platforms.ActiveCfg = Release|Any CPU
		{99391889-55A5-4684-9E5E-4D960900DBBD}.Release12|Mixed Platforms.Build.0 = Release|Any CPU
		{99391889-55A5-4684-9E5E-4D960900DBBD}.Release12|Win32.ActiveCfg = Release|Any CPU
		{99391889-55A5-4684-9E5E-4D960900DBBD}.Release12|Win32.Build.0 = Release|Any CPU
		{99391889-55A5-4684-9E5E-4D960900DBBD}.Release12|x64.ActiveCfg = Release|Any CPU
		{99391889-55A5-4684-9E5E-4D960900DBBD}.Release12|x64.Build.0 = Release|Any CPU
		{99391889-55A5-4684-9E5E-4D960900DBBD}.SingleImage|Mixed Platforms.ActiveCfg = Rel12Debug|Any CPU
		{99391889-55A5-4684-9E5E-4D960900DBBD}.SingleImage|Mixed Platforms.Build.0 = Rel12Debug|Any CPU
		{99391889-55A5-4684-9E5E-4D960900DBBD}.SingleImage|Win32.ActiveCfg = Rel12Debug|Any CPU
		{99391889-55A5-4684-9E5E-4D960900DBBD}.SingleImage|x64.ActiveCfg = Rel12Debug|Any CPU
		{CE2D1D44-4495-493C-8961-0F4D2C689BAB}.Debug_for_palo_web|Mixed Platforms.ActiveCfg = Debug|Any CPU
		{CE2D1D44-4495-493C-8961-0F4D2C689BAB}.Debug_for_palo_web|Mixed Platforms.Build.0 = Debug|Any CPU
		{CE2D1D44-4495-493C-8961-0F4D2C689BAB}.Debug_for_palo_web|Win32.ActiveCfg = Debug|Any CPU
		{CE2D1D44-4495-493C-8961-0F4D2C689BAB}.Debug_for_palo_web|x64.ActiveCfg = Debug|Any CPU
		{CE2D1D44-4495-493C-8961-0F4D2C689BAB}.Debug|Mixed Platforms.ActiveCfg = Debug|Any CPU
		{CE2D1D44-4495-493C-8961-0F4D2C689BAB}.Debug|Mixed Platforms.Build.0 = Debug|Any CPU
		{CE2D1D44-4495-493C-8961-0F4D2C689BAB}.Debug|Win32.ActiveCfg = Debug|Any CPU
		{CE2D1D44-4495-493C-8961-0F4D2C689BAB}.Debug|Win32.Build.0 = Debug|Any CPU
		{CE2D1D44-4495-493C-8961-0F4D2C689BAB}.Debug|x64.ActiveCfg = Debug|Any CPU
		{CE2D1D44-4495-493C-8961-0F4D2C689BAB}.Debug12|Mixed Platforms.ActiveCfg = Debug|Any CPU
		{CE2D1D44-4495-493C-8961-0F4D2C689BAB}.Debug12|Mixed Platforms.Build.0 = Debug|Any CPU
		{CE2D1D44-4495-493C-8961-0F4D2C689BAB}.Debug12|Win32.ActiveCfg = Debug|Any CPU
		{CE2D1D44-4495-493C-8961-0F4D2C689BAB}.Debug12|Win32.Build.0 = Debug|Any CPU
		{CE2D1D44-4495-493C-8961-0F4D2C689BAB}.Debug12|x64.ActiveCfg = Debug|Any CPU
		{CE2D1D44-4495-493C-8961-0F4D2C689BAB}.Debug12|x64.Build.0 = Debug|Any CPU
		{CE2D1D44-4495-493C-8961-0F4D2C689BAB}.Release|Mixed Platforms.ActiveCfg = Release|Any CPU
		{CE2D1D44-4495-493C-8961-0F4D2C689BAB}.Release|Mixed Platforms.Build.0 = Release|Any CPU
		{CE2D1D44-4495-493C-8961-0F4D2C689BAB}.Release|Win32.ActiveCfg = Release|Any CPU
		{CE2D1D44-4495-493C-8961-0F4D2C689BAB}.Release|Win32.Build.0 = Release|Any CPU
		{CE2D1D44-4495-493C-8961-0F4D2C689BAB}.Release|x64.ActiveCfg = Release|Any CPU
		{CE2D1D44-4495-493C-8961-0F4D2C689BAB}.Release12|Mixed Platforms.ActiveCfg = Release|Any CPU
		{CE2D1D44-4495-493C-8961-0F4D2C689BAB}.Release12|Mixed Platforms.Build.0 = Release|Any CPU
		{CE2D1D44-4495-493C-8961-0F4D2C689BAB}.Release12|Win32.ActiveCfg = Release|Any CPU
		{CE2D1D44-4495-493C-8961-0F4D2C689BAB}.Release12|Win32.Build.0 = Release|Any CPU
		{CE2D1D44-4495-493C-8961-0F4D2C689BAB}.Release12|x64.ActiveCfg = Release|Any CPU
		{CE2D1D44-4495-493C-8961-0F4D2C689BAB}.Release12|x64.Build.0 = Release|Any CPU
		{CE2D1D44-4495-493C-8961-0F4D2C689BAB}.SingleImage|Mixed Platforms.ActiveCfg = Rel12Debug|Any CPU
		{CE2D1D44-4495-493C-8961-0F4D2C689BAB}.SingleImage|Mixed Platforms.Build.0 = Rel12Debug|Any CPU
		{CE2D1D44-4495-493C-8961-0F4D2C689BAB}.SingleImage|Win32.ActiveCfg = Rel12Debug|Any CPU
		{CE2D1D44-4495-493C-8961-0F4D2C689BAB}.SingleImage|x64.ActiveCfg = Rel12Debug|Any CPU
		{EAE14674-7F66-43BA-BAB2-2255F2632ACA}.Debug_for_palo_web|Mixed Platforms.ActiveCfg = Debug_for_palo_web|x64
		{EAE14674-7F66-43BA-BAB2-2255F2632ACA}.Debug_for_palo_web|Mixed Platforms.Build.0 = Debug_for_palo_web|x64
		{EAE14674-7F66-43BA-BAB2-2255F2632ACA}.Debug_for_palo_web|Win32.ActiveCfg = Debug_for_palo_web|Win32
		{EAE14674-7F66-43BA-BAB2-2255F2632ACA}.Debug_for_palo_web|Win32.Build.0 = Debug_for_palo_web|Win32
		{EAE14674-7F66-43BA-BAB2-2255F2632ACA}.Debug_for_palo_web|x64.ActiveCfg = Debug_for_palo_web|x64
		{EAE14674-7F66-43BA-BAB2-2255F2632ACA}.Debug_for_palo_web|x64.Build.0 = Debug_for_palo_web|x64
		{EAE14674-7F66-43BA-BAB2-2255F2632ACA}.Debug|Mixed Platforms.ActiveCfg = Debug|x64
		{EAE14674-7F66-43BA-BAB2-2255F2632ACA}.Debug|Mixed Platforms.Build.0 = Debug|x64
		{EAE14674-7F66-43BA-BAB2-2255F2632ACA}.Debug|Win32.ActiveCfg = Debug|Win32
		{EAE14674-7F66-43BA-BAB2-2255F2632ACA}.Debug|Win32.Build.0 = Debug|Win32
		{EAE14674-7F66-43BA-BAB2-2255F2632ACA}.Debug|x64.ActiveCfg = Debug|x64
		{EAE14674-7F66-43BA-BAB2-2255F2632ACA}.Debug|x64.Build.0 = Debug|x64
		{EAE14674-7F66-43BA-BAB2-2255F2632ACA}.Debug12|Mixed Platforms.ActiveCfg = Debug|x64
		{EAE14674-7F66-43BA-BAB2-2255F2632ACA}.Debug12|Mixed Platforms.Build.0 = Debug|x64
		{EAE14674-7F66-43BA-BAB2-2255F2632ACA}.Debug12|Win32.ActiveCfg = Debug|Win32
		{EAE14674-7F66-43BA-BAB2-2255F2632ACA}.Debug12|Win32.Build.0 = Debug|Win32
		{EAE14674-7F66-43BA-BAB2-2255F2632ACA}.Debug12|x64.ActiveCfg = Debug|x64
		{EAE14674-7F66-43BA-BAB2-2255F2632ACA}.Debug12|x64.Build.0 = Debug|x64
		{EAE14674-7F66-43BA-BAB2-2255F2632ACA}.Release|Mixed Platforms.ActiveCfg = Release|x64
		{EAE14674-7F66-43BA-BAB2-2255F2632ACA}.Release|Mixed Platforms.Build.0 = Release|x64
		{EAE14674-7F66-43BA-BAB2-2255F2632ACA}.Release|Win32.ActiveCfg = Release|Win32
		{EAE14674-7F66-43BA-BAB2-2255F2632ACA}.Release|Win32.Build.0 = Release|Win32
		{EAE14674-7F66-43BA-BAB2-2255F2632ACA}.Release|x64.ActiveCfg = Release|x64
		{EAE14674-7F66-43BA-BAB2-2255F2632ACA}.Release|x64.Build.0 = Release|x64
		{EAE14674-7F66-43BA-BAB2-2255F2632ACA}.Release12|Mixed Platforms.ActiveCfg = Release|x64
		{EAE14674-7F66-43BA-BAB2-2255F2632ACA}.Release12|Mixed Platforms.Build.0 = Release|x64
		{EAE14674-7F66-43BA-BAB2-2255F2632ACA}.Release12|Win32.ActiveCfg = Release|Win32
		{EAE14674-7F66-43BA-BAB2-2255F2632ACA}.Release12|Win32.Build.0 = Release|Win32
		{EAE14674-7F66-43BA-BAB2-2255F2632ACA}.Release12|x64.ActiveCfg = Release|x64
		{EAE14674-7F66-43BA-BAB2-2255F2632ACA}.Release12|x64.Build.0 = Release|x64
		{EAE14674-7F66-43BA-BAB2-2255F2632ACA}.SingleImage|Mixed Platforms.ActiveCfg = Release|x64
		{EAE14674-7F66-43BA-BAB2-2255F2632ACA}.SingleImage|Mixed Platforms.Build.0 = Release|x64
		{EAE14674-7F66-43BA-BAB2-2255F2632ACA}.SingleImage|Win32.ActiveCfg = Release|x64
		{EAE14674-7F66-43BA-BAB2-2255F2632ACA}.SingleImage|x64.ActiveCfg = Release|x64
		{EAE14674-7F66-43BA-BAB2-2255F2632ACA}.SingleImage|x64.Build.0 = Release|x64
		{E099CABE-8499-4912-BBBE-98FF1C2FEAC4}.Debug_for_palo_web|Mixed Platforms.ActiveCfg = Debug|x64
		{E099CABE-8499-4912-BBBE-98FF1C2FEAC4}.Debug_for_palo_web|Mixed Platforms.Build.0 = Debug|x64
		{E099CABE-8499-4912-BBBE-98FF1C2FEAC4}.Debug_for_palo_web|Win32.ActiveCfg = Debug|x64
		{E099CABE-8499-4912-BBBE-98FF1C2FEAC4}.Debug_for_palo_web|x64.ActiveCfg = Debug|x64
		{E099CABE-8499-4912-BBBE-98FF1C2FEAC4}.Debug|Mixed Platforms.ActiveCfg = Debug|x64
		{E099CABE-8499-4912-BBBE-98FF1C2FEAC4}.Debug|Mixed Platforms.Build.0 = Debug|x64
		{E099CABE-8499-4912-BBBE-98FF1C2FEAC4}.Debug|Win32.ActiveCfg = Debug|Win32
		{E099CABE-8499-4912-BBBE-98FF1C2FEAC4}.Debug|Win32.Build.0 = Debug|Win32
		{E099CABE-8499-4912-BBBE-98FF1C2FEAC4}.Debug|x64.ActiveCfg = Debug|x64
		{E099CABE-8499-4912-BBBE-98FF1C2FEAC4}.Debug|x64.Build.0 = Debug|x64
		{E099CABE-8499-4912-BBBE-98FF1C2FEAC4}.Debug12|Mixed Platforms.ActiveCfg = Debug12|x64
		{E099CABE-8499-4912-BBBE-98FF1C2FEAC4}.Debug12|Mixed Platforms.Build.0 = Debug12|x64
		{E099CABE-8499-4912-BBBE-98FF1C2FEAC4}.Debug12|Win32.ActiveCfg = Debug12|Win32
		{E099CABE-8499-4912-BBBE-98FF1C2FEAC4}.Debug12|Win32.Build.0 = Debug12|Win32
		{E099CABE-8499-4912-BBBE-98FF1C2FEAC4}.Debug12|x64.ActiveCfg = Debug12|x64
		{E099CABE-8499-4912-BBBE-98FF1C2FEAC4}.Debug12|x64.Build.0 = Debug12|x64
		{E099CABE-8499-4912-BBBE-98FF1C2FEAC4}.Release|Mixed Platforms.ActiveCfg = Release|x64
		{E099CABE-8499-4912-BBBE-98FF1C2FEAC4}.Release|Mixed Platforms.Build.0 = Release|x64
		{E099CABE-8499-4912-BBBE-98FF1C2FEAC4}.Release|Win32.ActiveCfg = Release|Win32
		{E099CABE-8499-4912-BBBE-98FF1C2FEAC4}.Release|Win32.Build.0 = Release|Win32
		{E099CABE-8499-4912-BBBE-98FF1C2FEAC4}.Release|x64.ActiveCfg = Release|x64
		{E099CABE-8499-4912-BBBE-98FF1C2FEAC4}.Release|x64.Build.0 = Release|x64
		{E099CABE-8499-4912-BBBE-98FF1C2FEAC4}.Release12|Mixed Platforms.ActiveCfg = Release12|x64
		{E099CABE-8499-4912-BBBE-98FF1C2FEAC4}.Release12|Mixed Platforms.Build.0 = Release12|x64
		{E099CABE-8499-4912-BBBE-98FF1C2FEAC4}.Release12|Win32.ActiveCfg = Release12|Win32
		{E099CABE-8499-4912-BBBE-98FF1C2FEAC4}.Release12|Win32.Build.0 = Release12|Win32
		{E099CABE-8499-4912-BBBE-98FF1C2FEAC4}.Release12|x64.ActiveCfg = Release12|x64
		{E099CABE-8499-4912-BBBE-98FF1C2FEAC4}.Release12|x64.Build.0 = Release12|x64
		{E099CABE-8499-4912-BBBE-98FF1C2FEAC4}.SingleImage|Mixed Platforms.ActiveCfg = Release|x64
		{E099CABE-8499-4912-BBBE-98FF1C2FEAC4}.SingleImage|Mixed Platforms.Build.0 = Release|x64
		{E099CABE-8499-4912-BBBE-98FF1C2FEAC4}.SingleImage|Win32.ActiveCfg = Release|x64
		{E099CABE-8499-4912-BBBE-98FF1C2FEAC4}.SingleImage|x64.ActiveCfg = Release|x64
		{E099CABE-8499-4912-BBBE-98FF1C2FEAC4}.SingleImage|x64.Build.0 = Release|x64
		{3BAAEB2B-D8A2-449F-9375-F5AD4A942031}.Debug_for_palo_web|Mixed Platforms.ActiveCfg = Debug_for_palo_web|x64
		{3BAAEB2B-D8A2-449F-9375-F5AD4A942031}.Debug_for_palo_web|Mixed Platforms.Build.0 = Debug_for_palo_web|x64
		{3BAAEB2B-D8A2-449F-9375-F5AD4A942031}.Debug_for_palo_web|Win32.ActiveCfg = Debug_for_palo_web|Win32
		{3BAAEB2B-D8A2-449F-9375-F5AD4A942031}.Debug_for_palo_web|Win32.Build.0 = Debug_for_palo_web|Win32
		{3BAAEB2B-D8A2-449F-9375-F5AD4A942031}.Debug_for_palo_web|x64.ActiveCfg = Debug_for_palo_web|x64
		{3BAAEB2B-D8A2-449F-9375-F5AD4A942031}.Debug_for_palo_web|x64.Build.0 = Debug_for_palo_web|x64
		{3BAAEB2B-D8A2-449F-9375-F5AD4A942031}.Debug|Mixed Platforms.ActiveCfg = Debug|x64
		{3BAAEB2B-D8A2-449F-9375-F5AD4A942031}.Debug|Mixed Platforms.Build.0 = Debug|x64
		{3BAAEB2B-D8A2-449F-9375-F5AD4A942031}.Debug|Win32.ActiveCfg = Debug|Win32
		{3BAAEB2B-D8A2-449F-9375-F5AD4A942031}.Debug|Win32.Build.0 = Debug|Win32
		{3BAAEB2B-D8A2-449F-9375-F5AD4A942031}.Debug|x64.ActiveCfg = Debug|x64
		{3BAAEB2B-D8A2-449F-9375-F5AD4A942031}.Debug|x64.Build.0 = Debug|x64
		{3BAAEB2B-D8A2-449F-9375-F5AD4A942031}.Debug12|Mixed Platforms.ActiveCfg = Debug|x64
		{3BAAEB2B-D8A2-449F-9375-F5AD4A942031}.Debug12|Mixed Platforms.Build.0 = Debug|x64
		{3BAAEB2B-D8A2-449F-9375-F5AD4A942031}.Debug12|Win32.ActiveCfg = Debug|Win32
		{3BAAEB2B-D8A2-449F-9375-F5AD4A942031}.Debug12|Win32.Build.0 = Debug|Win32
		{3BAAEB2B-D8A2-449F-9375-F5AD4A942031}.Debug12|x64.ActiveCfg = Debug|x64
		{3BAAEB2B-D8A2-449F-9375-F5AD4A942031}.Debug12|x64.Build.0 = Debug|x64
		{3BAAEB2B-D8A2-449F-9375-F5AD4A942031}.Release|Mixed Platforms.ActiveCfg = Release|x64
		{3BAAEB2B-D8A2-449F-9375-F5AD4A942031}.Release|Mixed Platforms.Build.0 = Release|x64
		{3BAAEB2B-D8A2-449F-9375-F5AD4A942031}.Release|Win32.ActiveCfg = Release|Win32
		{3BAAEB2B-D8A2-449F-9375-F5AD4A942031}.Release|Win32.Build.0 = Release|Win32
		{3BAAEB2B-D8A2-449F-9375-F5AD4A942031}.Release|x64.ActiveCfg = Release|x64
		{3BAAEB2B-D8A2-449F-9375-F5AD4A942031}.Release|x64.Build.0 = Release|x64
		{3BAAEB2B-D8A2-449F-9375-F5AD4A942031}.Release12|Mixed Platforms.ActiveCfg = Release|x64
		{3BAAEB2B-D8A2-449F-9375-F5AD4A942031}.Release12|Mixed Platforms.Build.0 = Release|x64
		{3BAAEB2B-D8A2-449F-9375-F5AD4A942031}.Release12|Win32.ActiveCfg = Release|Win32
		{3BAAEB2B-D8A2-449F-9375-F5AD4A942031}.Release12|Win32.Build.0 = Release|Win32
		{3BAAEB2B-D8A2-449F-9375-F5AD4A942031}.Release12|x64.ActiveCfg = Release|x64
		{3BAAEB2B-D8A2-449F-9375-F5AD4A942031}.Release12|x64.Build.0 = Release|x64
		{3BAAEB2B-D8A2-449F-9375-F5AD4A942031}.SingleImage|Mixed Platforms.ActiveCfg = Release|x64
		{3BAAEB2B-D8A2-449F-9375-F5AD4A942031}.SingleImage|Mixed Platforms.Build.0 = Release|x64
		{3BAAEB2B-D8A2-449F-9375-F5AD4A942031}.SingleImage|Win32.ActiveCfg = Release|x64
		{3BAAEB2B-D8A2-449F-9375-F5AD4A942031}.SingleImage|x64.ActiveCfg = Release|x64
		{3BAAEB2B-D8A2-449F-9375-F5AD4A942031}.SingleImage|x64.Build.0 = Release|x64
		{68960691-B601-4411-8FB0-74F76282923A}.Debug_for_palo_web|Mixed Platforms.ActiveCfg = Debug|x64
		{68960691-B601-4411-8FB0-74F76282923A}.Debug_for_palo_web|Mixed Platforms.Build.0 = Debug|x64
		{68960691-B601-4411-8FB0-74F76282923A}.Debug_for_palo_web|Win32.ActiveCfg = Debug|x86
		{68960691-B601-4411-8FB0-74F76282923A}.Debug_for_palo_web|x64.ActiveCfg = Debug|x86
		{68960691-B601-4411-8FB0-74F76282923A}.Debug|Mixed Platforms.ActiveCfg = Debug|x64
		{68960691-B601-4411-8FB0-74F76282923A}.Debug|Mixed Platforms.Build.0 = Debug|x64
		{68960691-B601-4411-8FB0-74F76282923A}.Debug|Win32.ActiveCfg = Debug|x86
		{68960691-B601-4411-8FB0-74F76282923A}.Debug|Win32.Build.0 = Debug|x86
		{68960691-B601-4411-8FB0-74F76282923A}.Debug|x64.ActiveCfg = Debug|x86
		{68960691-B601-4411-8FB0-74F76282923A}.Debug12|Mixed Platforms.ActiveCfg = Debug|x64
		{68960691-B601-4411-8FB0-74F76282923A}.Debug12|Mixed Platforms.Build.0 = Debug|x64
		{68960691-B601-4411-8FB0-74F76282923A}.Debug12|Win32.ActiveCfg = Debug|x86
		{68960691-B601-4411-8FB0-74F76282923A}.Debug12|Win32.Build.0 = Debug|x86
		{68960691-B601-4411-8FB0-74F76282923A}.Debug12|x64.ActiveCfg = Debug|x64
		{68960691-B601-4411-8FB0-74F76282923A}.Debug12|x64.Build.0 = Debug|x64
		{68960691-B601-4411-8FB0-74F76282923A}.Release|Mixed Platforms.ActiveCfg = Release|x64
		{68960691-B601-4411-8FB0-74F76282923A}.Release|Mixed Platforms.Build.0 = Release|x64
		{68960691-B601-4411-8FB0-74F76282923A}.Release|Win32.ActiveCfg = Release|x86
		{68960691-B601-4411-8FB0-74F76282923A}.Release|Win32.Build.0 = Release|x86
		{68960691-B601-4411-8FB0-74F76282923A}.Release|x64.ActiveCfg = Release|x86
		{68960691-B601-4411-8FB0-74F76282923A}.Release12|Mixed Platforms.ActiveCfg = Release|x64
		{68960691-B601-4411-8FB0-74F76282923A}.Release12|Mixed Platforms.Build.0 = Release|x64
		{68960691-B601-4411-8FB0-74F76282923A}.Release12|Win32.ActiveCfg = Release|x86
		{68960691-B601-4411-8FB0-74F76282923A}.Release12|Win32.Build.0 = Release|x86
		{68960691-B601-4411-8FB0-74F76282923A}.Release12|x64.ActiveCfg = Release|x64
		{68960691-B601-4411-8FB0-74F76282923A}.Release12|x64.Build.0 = Release|x64
		{68960691-B601-4411-8FB0-74F76282923A}.SingleImage|Mixed Platforms.ActiveCfg = Release|x64
		{68960691-B601-4411-8FB0-74F76282923A}.SingleImage|Mixed Platforms.Build.0 = Release|x64
		{68960691-B601-4411-8FB0-74F76282923A}.SingleImage|Win32.ActiveCfg = Release|x86
		{68960691-B601-4411-8FB0-74F76282923A}.SingleImage|x64.ActiveCfg = Release|x86
		{C3F06D0B-7704-483E-89AC-4BF052FE00B6}.Debug_for_palo_web|Mixed Platforms.ActiveCfg = Debug|x64
		{C3F06D0B-7704-483E-89AC-4BF052FE00B6}.Debug_for_palo_web|Mixed Platforms.Build.0 = Debug|x64
		{C3F06D0B-7704-483E-89AC-4BF052FE00B6}.Debug_for_palo_web|Win32.ActiveCfg = Debug|x86
		{C3F06D0B-7704-483E-89AC-4BF052FE00B6}.Debug_for_palo_web|x64.ActiveCfg = Debug|x86
		{C3F06D0B-7704-483E-89AC-4BF052FE00B6}.Debug|Mixed Platforms.ActiveCfg = Debug|x64
		{C3F06D0B-7704-483E-89AC-4BF052FE00B6}.Debug|Mixed Platforms.Build.0 = Debug|x64
		{C3F06D0B-7704-483E-89AC-4BF052FE00B6}.Debug|Win32.ActiveCfg = Debug|x86
		{C3F06D0B-7704-483E-89AC-4BF052FE00B6}.Debug|Win32.Build.0 = Debug|x86
		{C3F06D0B-7704-483E-89AC-4BF052FE00B6}.Debug|x64.ActiveCfg = Debug|x86
		{C3F06D0B-7704-483E-89AC-4BF052FE00B6}.Debug12|Mixed Platforms.ActiveCfg = Debug|x64
		{C3F06D0B-7704-483E-89AC-4BF052FE00B6}.Debug12|Mixed Platforms.Build.0 = Debug|x64
		{C3F06D0B-7704-483E-89AC-4BF052FE00B6}.Debug12|Win32.ActiveCfg = Debug|x86
		{C3F06D0B-7704-483E-89AC-4BF052FE00B6}.Debug12|Win32.Build.0 = Debug|x86
		{C3F06D0B-7704-483E-89AC-4BF052FE00B6}.Debug12|x64.ActiveCfg = Debug|x64
		{C3F06D0B-7704-483E-89AC-4BF052FE00B6}.Debug12|x64.Build.0 = Debug|x64
		{C3F06D0B-7704-483E-89AC-4BF052FE00B6}.Release|Mixed Platforms.ActiveCfg = Release|x64
		{C3F06D0B-7704-483E-89AC-4BF052FE00B6}.Release|Mixed Platforms.Build.0 = Release|x64
		{C3F06D0B-7704-483E-89AC-4BF052FE00B6}.Release|Win32.ActiveCfg = Release|x86
		{C3F06D0B-7704-483E-89AC-4BF052FE00B6}.Release|x64.ActiveCfg = Release|x86
		{C3F06D0B-7704-483E-89AC-4BF052FE00B6}.Release12|Mixed Platforms.ActiveCfg = Release|x64
		{C3F06D0B-7704-483E-89AC-4BF052FE00B6}.Release12|Mixed Platforms.Build.0 = Release|x64
		{C3F06D0B-7704-483E-89AC-4BF052FE00B6}.Release12|Win32.ActiveCfg = Release|x86
		{C3F06D0B-7704-483E-89AC-4BF052FE00B6}.Release12|Win32.Build.0 = Release|x86
		{C3F06D0B-7704-483E-89AC-4BF052FE00B6}.Release12|x64.ActiveCfg = Release|x64
		{C3F06D0B-7704-483E-89AC-4BF052FE00B6}.SingleImage|Mixed Platforms.ActiveCfg = Release|x64
		{C3F06D0B-7704-483E-89AC-4BF052FE00B6}.SingleImage|Mixed Platforms.Build.0 = Release|x64
		{C3F06D0B-7704-483E-89AC-4BF052FE00B6}.SingleImage|Win32.ActiveCfg = Release|x86
		{C3F06D0B-7704-483E-89AC-4BF052FE00B6}.SingleImage|x64.ActiveCfg = Release|x86
		{D85458CD-0F4B-4E81-99EC-5B5760F6F446}.Debug_for_palo_web|Mixed Platforms.ActiveCfg = DVD-5
		{D85458CD-0F4B-4E81-99EC-5B5760F6F446}.Debug_for_palo_web|Mixed Platforms.Build.0 = DVD-5
		{D85458CD-0F4B-4E81-99EC-5B5760F6F446}.Debug_for_palo_web|Win32.ActiveCfg = DVD-5
		{D85458CD-0F4B-4E81-99EC-5B5760F6F446}.Debug_for_palo_web|Win32.Build.0 = DVD-5
		{D85458CD-0F4B-4E81-99EC-5B5760F6F446}.Debug_for_palo_web|x64.ActiveCfg = DVD-5
		{D85458CD-0F4B-4E81-99EC-5B5760F6F446}.Debug_for_palo_web|x64.Build.0 = DVD-5
		{D85458CD-0F4B-4E81-99EC-5B5760F6F446}.Debug|Mixed Platforms.ActiveCfg = DVD-5
		{D85458CD-0F4B-4E81-99EC-5B5760F6F446}.Debug|Mixed Platforms.Build.0 = DVD-5
		{D85458CD-0F4B-4E81-99EC-5B5760F6F446}.Debug|Win32.ActiveCfg = DVD-5
		{D85458CD-0F4B-4E81-99EC-5B5760F6F446}.Debug|x64.ActiveCfg = DVD-5
		{D85458CD-0F4B-4E81-99EC-5B5760F6F446}.Debug12|Mixed Platforms.ActiveCfg = DVD-5
		{D85458CD-0F4B-4E81-99EC-5B5760F6F446}.Debug12|Mixed Platforms.Build.0 = DVD-5
		{D85458CD-0F4B-4E81-99EC-5B5760F6F446}.Debug12|Win32.ActiveCfg = SingleImage
		{D85458CD-0F4B-4E81-99EC-5B5760F6F446}.Debug12|x64.ActiveCfg = DVD-5
		{D85458CD-0F4B-4E81-99EC-5B5760F6F446}.Release|Mixed Platforms.ActiveCfg = SingleImage
		{D85458CD-0F4B-4E81-99EC-5B5760F6F446}.Release|Mixed Platforms.Build.0 = SingleImage
		{D85458CD-0F4B-4E81-99EC-5B5760F6F446}.Release|Win32.ActiveCfg = SingleImage
		{D85458CD-0F4B-4E81-99EC-5B5760F6F446}.Release|x64.ActiveCfg = SingleImage
		{D85458CD-0F4B-4E81-99EC-5B5760F6F446}.Release|x64.Build.0 = SingleImage
		{D85458CD-0F4B-4E81-99EC-5B5760F6F446}.Release12|Mixed Platforms.ActiveCfg = SingleImage
		{D85458CD-0F4B-4E81-99EC-5B5760F6F446}.Release12|Mixed Platforms.Build.0 = SingleImage
		{D85458CD-0F4B-4E81-99EC-5B5760F6F446}.Release12|Win32.ActiveCfg = SingleImage
		{D85458CD-0F4B-4E81-99EC-5B5760F6F446}.Release12|x64.ActiveCfg = SingleImage
		{D85458CD-0F4B-4E81-99EC-5B5760F6F446}.SingleImage|Mixed Platforms.ActiveCfg = SingleImage
		{D85458CD-0F4B-4E81-99EC-5B5760F6F446}.SingleImage|Mixed Platforms.Build.0 = SingleImage
		{D85458CD-0F4B-4E81-99EC-5B5760F6F446}.SingleImage|Win32.ActiveCfg = SingleImage
		{D85458CD-0F4B-4E81-99EC-5B5760F6F446}.SingleImage|Win32.Build.0 = SingleImage
		{D85458CD-0F4B-4E81-99EC-5B5760F6F446}.SingleImage|x64.ActiveCfg = SingleImage
		{D85458CD-0F4B-4E81-99EC-5B5760F6F446}.SingleImage|x64.Build.0 = SingleImage
		{B3ED5396-0BBB-4B95-A582-D214436B2B74}.Debug_for_palo_web|Mixed Platforms.ActiveCfg = Debug|Any CPU
		{B3ED5396-0BBB-4B95-A582-D214436B2B74}.Debug_for_palo_web|Mixed Platforms.Build.0 = Debug|Any CPU
		{B3ED5396-0BBB-4B95-A582-D214436B2B74}.Debug_for_palo_web|Win32.ActiveCfg = Debug|Any CPU
		{B3ED5396-0BBB-4B95-A582-D214436B2B74}.Debug_for_palo_web|x64.ActiveCfg = Debug|Any CPU
		{B3ED5396-0BBB-4B95-A582-D214436B2B74}.Debug|Mixed Platforms.ActiveCfg = Debug|Any CPU
		{B3ED5396-0BBB-4B95-A582-D214436B2B74}.Debug|Mixed Platforms.Build.0 = Debug|Any CPU
		{B3ED5396-0BBB-4B95-A582-D214436B2B74}.Debug|Win32.ActiveCfg = Debug|Any CPU
		{B3ED5396-0BBB-4B95-A582-D214436B2B74}.Debug|Win32.Build.0 = Debug|Any CPU
		{B3ED5396-0BBB-4B95-A582-D214436B2B74}.Debug|x64.ActiveCfg = Debug|Any CPU
		{B3ED5396-0BBB-4B95-A582-D214436B2B74}.Debug12|Mixed Platforms.ActiveCfg = Debug|Any CPU
		{B3ED5396-0BBB-4B95-A582-D214436B2B74}.Debug12|Mixed Platforms.Build.0 = Debug|Any CPU
		{B3ED5396-0BBB-4B95-A582-D214436B2B74}.Debug12|Win32.ActiveCfg = Debug|Any CPU
		{B3ED5396-0BBB-4B95-A582-D214436B2B74}.Debug12|Win32.Build.0 = Debug|Any CPU
		{B3ED5396-0BBB-4B95-A582-D214436B2B74}.Debug12|x64.ActiveCfg = Debug|Any CPU
		{B3ED5396-0BBB-4B95-A582-D214436B2B74}.Debug12|x64.Build.0 = Debug|Any CPU
		{B3ED5396-0BBB-4B95-A582-D214436B2B74}.Release|Mixed Platforms.ActiveCfg = Release|Any CPU
		{B3ED5396-0BBB-4B95-A582-D214436B2B74}.Release|Mixed Platforms.Build.0 = Release|Any CPU
		{B3ED5396-0BBB-4B95-A582-D214436B2B74}.Release|Win32.ActiveCfg = Release|Any CPU
		{B3ED5396-0BBB-4B95-A582-D214436B2B74}.Release|Win32.Build.0 = Release|Any CPU
		{B3ED5396-0BBB-4B95-A582-D214436B2B74}.Release|x64.ActiveCfg = Release|Any CPU
		{B3ED5396-0BBB-4B95-A582-D214436B2B74}.Release12|Mixed Platforms.ActiveCfg = Release|Any CPU
		{B3ED5396-0BBB-4B95-A582-D214436B2B74}.Release12|Mixed Platforms.Build.0 = Release|Any CPU
		{B3ED5396-0BBB-4B95-A582-D214436B2B74}.Release12|Win32.ActiveCfg = Release|Any CPU
		{B3ED5396-0BBB-4B95-A582-D214436B2B74}.Release12|Win32.Build.0 = Release|Any CPU
		{B3ED5396-0BBB-4B95-A582-D214436B2B74}.Release12|x64.ActiveCfg = Release|Any CPU
		{B3ED5396-0BBB-4B95-A582-D214436B2B74}.Release12|x64.Build.0 = Release|Any CPU
		{B3ED5396-0BBB-4B95-A582-D214436B2B74}.SingleImage|Mixed Platforms.ActiveCfg = Release|Any CPU
		{B3ED5396-0BBB-4B95-A582-D214436B2B74}.SingleImage|Mixed Platforms.Build.0 = Release|Any CPU
		{B3ED5396-0BBB-4B95-A582-D214436B2B74}.SingleImage|Win32.ActiveCfg = Release|Any CPU
		{B3ED5396-0BBB-4B95-A582-D214436B2B74}.SingleImage|x64.ActiveCfg = Release|Any CPU
		{B665AC94-8AAE-499F-A80B-6C17394F634D}.Debug_for_palo_web|Mixed Platforms.ActiveCfg = Debug|x64
		{B665AC94-8AAE-499F-A80B-6C17394F634D}.Debug_for_palo_web|Mixed Platforms.Build.0 = Debug|x64
		{B665AC94-8AAE-499F-A80B-6C17394F634D}.Debug_for_palo_web|Win32.ActiveCfg = Debug|Any CPU
		{B665AC94-8AAE-499F-A80B-6C17394F634D}.Debug_for_palo_web|x64.ActiveCfg = Debug|Any CPU
		{B665AC94-8AAE-499F-A80B-6C17394F634D}.Debug|Mixed Platforms.ActiveCfg = Debug|x64
		{B665AC94-8AAE-499F-A80B-6C17394F634D}.Debug|Mixed Platforms.Build.0 = Debug|x64
		{B665AC94-8AAE-499F-A80B-6C17394F634D}.Debug|Win32.ActiveCfg = Debug|x86
		{B665AC94-8AAE-499F-A80B-6C17394F634D}.Debug|x64.ActiveCfg = Debug|Any CPU
		{B665AC94-8AAE-499F-A80B-6C17394F634D}.Debug12|Mixed Platforms.ActiveCfg = Debug|x64
		{B665AC94-8AAE-499F-A80B-6C17394F634D}.Debug12|Mixed Platforms.Build.0 = Debug|x64
		{B665AC94-8AAE-499F-A80B-6C17394F634D}.Debug12|Win32.ActiveCfg = Debug|x86
		{B665AC94-8AAE-499F-A80B-6C17394F634D}.Debug12|Win32.Build.0 = Debug|x86
		{B665AC94-8AAE-499F-A80B-6C17394F634D}.Debug12|x64.ActiveCfg = Debug|x64
		{B665AC94-8AAE-499F-A80B-6C17394F634D}.Debug12|x64.Build.0 = Debug|x64
		{B665AC94-8AAE-499F-A80B-6C17394F634D}.Release|Mixed Platforms.ActiveCfg = Release|x64
		{B665AC94-8AAE-499F-A80B-6C17394F634D}.Release|Mixed Platforms.Build.0 = Release|x64
		{B665AC94-8AAE-499F-A80B-6C17394F634D}.Release|Win32.ActiveCfg = Release|Any CPU
		{B665AC94-8AAE-499F-A80B-6C17394F634D}.Release|x64.ActiveCfg = Release|Any CPU
		{B665AC94-8AAE-499F-A80B-6C17394F634D}.Release12|Mixed Platforms.ActiveCfg = Release|x64
		{B665AC94-8AAE-499F-A80B-6C17394F634D}.Release12|Mixed Platforms.Build.0 = Release|x64
		{B665AC94-8AAE-499F-A80B-6C17394F634D}.Release12|Win32.ActiveCfg = Release|x86
		{B665AC94-8AAE-499F-A80B-6C17394F634D}.Release12|Win32.Build.0 = Release|x86
		{B665AC94-8AAE-499F-A80B-6C17394F634D}.Release12|x64.ActiveCfg = Release|x64
		{B665AC94-8AAE-499F-A80B-6C17394F634D}.Release12|x64.Build.0 = Release|x64
		{B665AC94-8AAE-499F-A80B-6C17394F634D}.SingleImage|Mixed Platforms.ActiveCfg = Release|x64
		{B665AC94-8AAE-499F-A80B-6C17394F634D}.SingleImage|Mixed Platforms.Build.0 = Release|x64
		{B665AC94-8AAE-499F-A80B-6C17394F634D}.SingleImage|Win32.ActiveCfg = Release|Any CPU
		{B665AC94-8AAE-499F-A80B-6C17394F634D}.SingleImage|x64.ActiveCfg = Release|Any CPU
	EndGlobalSection
	GlobalSection(SolutionProperties) = preSolution
		HideSolutionNode = FALSE
	EndGlobalSection
	GlobalSection(NestedProjects) = preSolution
		{99391889-55A5-4684-9E5E-4D960900DBBD} = {45585F6F-EB6E-4C13-B1C3-8247DDFCB3DF}
		{CE2D1D44-4495-493C-8961-0F4D2C689BAB} = {45585F6F-EB6E-4C13-B1C3-8247DDFCB3DF}
	EndGlobalSection
EndGlobal
